[[package]]
name = "PyVISA"
version = "1.12.0"
description = "Python VISA bindings for GPIB, RS232, TCPIP and USB instruments"
category = "main"
optional = false
python-versions = ">=3.7"

[package.dependencies]
typing-extensions = "*"

[[package]]
name = "typing-extensions"
version = "4.4.0"
description = "Backported and Experimental Type Hints for Python 3.7+"
category = "main"
optional = false
python-versions = ">=3.7"

[metadata]
lock-version = "1.1"
python-versions = "^3.9"
content-hash = "2cc11e1b1f6a99e283161d5cf23e9f79b5604e24da15940a43734a6b9ee28737"

[metadata.files]
PyVISA = [
    {file = "PyVISA-1.12.0-py3-none-any.whl", hash = "sha256:4cbe2f37f75dd233638154f377af7522b8c1dc8324cce3dc3e9563a9b7b84add"},
    {file = "PyVISA-1.12.0.tar.gz", hash = "sha256:73a38e6bf7431449bd3e1c7bf51a995f62fcae68df580c01c30628629c6b5cbf"},
]
typing-extensions = [
    {file = "typing_extensions-4.4.0-py3-none-any.whl", hash = "sha256:16fa4864408f655d35ec496218b85f79b3437c829e93320c7c9215ccfd92489e"},
    {file = "typing_extensions-4.4.0.tar.gz", hash = "sha256:1511434bb92bf8dd198c12b1cc812e800d4181cfcb867674e0f8279cc93087aa"},
]
